
Microsoft Visual Studio Solution File, Format Version 12.00
# Visual Studio 15
VisualStudioVersion = 15.0.27130.2036
MinimumVisualStudioVersion = 10.0.40219.1
Project("{FAE04EC0-301F-11D3-BF4B-00C04F79EFBC}") = "System.IO_Exemple", "System.IO_Exemple\System.IO_Exemple.csproj", "{5F8F6567-D2E5-4333-9C8E-EE7203058C69}"
EndProject
Project("{FAE04EC0-301F-11D3-BF4B-00C04F79EFBC}") = "System.XML_Exemple", "System.XML_Exemple\System.XML_Exemple.csproj", "{E655B0D6-3A34-48F2-9AB9-0AE0DD91E30A}"
EndProject
Global
	GlobalSection(SolutionConfigurationPlatforms) = preSolution
		Debug|Any CPU = Debug|Any CPU
		Release|Any CPU = Release|Any CPU
	EndGlobalSection
	GlobalSection(ProjectConfigurationPlatforms) = postSolution
		{5F8F6567-D2E5-4333-9C8E-EE7203058C69}.Debug|Any CPU.ActiveCfg = Debug|Any CPU
		{5F8F6567-D2E5-4333-9C8E-EE7203058C69}.Debug|Any CPU.Build.0 = Debug|Any CPU
		{5F8F6567-D2E5-4333-9C8E-EE7203058C69}.Release|Any CPU.ActiveCfg = Release|Any CPU
		{5F8F6567-D2E5-4333-9C8E-EE7203058C69}.Release|Any CPU.Build.0 = Release|Any CPU
		{E655B0D6-3A34-48F2-9AB9-0AE0DD91E30A}.Debug|Any CPU.ActiveCfg = Debug|Any CPU
		{E655B0D6-3A34-48F2-9AB9-0AE0DD91E30A}.Debug|Any CPU.Build.0 = Debug|Any CPU
		{E655B0D6-3A34-48F2-9AB9-0AE0DD91E30A}.Release|Any CPU.ActiveCfg = Release|Any CPU
		{E655B0D6-3A34-48F2-9AB9-0AE0DD91E30A}.Release|Any CPU.Build.0 = Release|Any CPU
	EndGlobalSection
	GlobalSection(SolutionProperties) = preSolution
		HideSolutionNode = FALSE
	EndGlobalSection
	GlobalSection(ExtensibilityGlobals) = postSolution
		SolutionGuid = {6E33E50A-BDB3-4673-BC60-C7CF26E34016}
	EndGlobalSection
EndGlobal
